{
  "branch": "long-running-runs",
  "commit": "f700dd5",
  "counts": {
    "by_domain": {
      "compute": 11,
      "cost": 23,
      "governance_access": 21,
      "jobs_pipelines": 22,
      "performance": 13,
      "serving_ai": 4,
      "storage": 9
    },
    "queries": 103
  },
  "dirty": true,
  "dirty_files": [
    ".sqlfluff",
    "CHANGELOG.md",
    "COVERAGE.md",
    "README.md",
    "databricks_system_catalog_schema.txt",
    "lineage/query_lineage.json",
    "lineage/query_lineage.md",
    "lineage/sources.yml",
    "queries/compute/README.md",
    "queries/compute/task_cluster_utilization.sql",
    "queries/jobs_pipelines/lakeflow_long_running_runs.sql",
    "queries/manifest.json",
    "queries/performance/README.md",
    "queries/performance/query_task_statement_breakdown.sql"
  ],
  "diverged": {
    "compute/node_timeline_utilization.sql": [
      "Judge cluster node use after 15 minutes and say why a node is not assessed"
    ],
    "jobs_pipelines/lakeflow_phase_cold_start.sql": [
      "P5-COLD-START"
    ],
    "jobs_pipelines/lakeflow_termination_taxonomy.sql": [
      "P4-T"
    ],
    "jobs_pipelines/lakeflow_termination_type_probe.sql": [
      "P4-T"
    ],
    "jobs_pipelines/lakeflow_workload_mix_hours.sql": [
      "P4-T"
    ],
    "manifest.json": [
      "P4-T"
    ]
  },
  "files": {
    "LICENSE": "9a408792949a36d3d36a701d4307a330cf50f084c3bd2b50e7f0138d836d8c8a",
    "compute/classic_clusters_config_current.sql": "7620d66f964b1feed20b5b4441dc11e867c28b51f452e9680204bdfe1f33ec92",
    "compute/compute_idle_node_ratio.sql": "e6edc65058a8ac7b6ad849bd3aa1fd78c51a1048e46b6abc2ab84f83924fc46d",
    "compute/compute_warehouse_autoscale_churn.sql": "ec0727ed3785fab1016cba8fccf0348f609c5e0481eefc222fd5e50dd60efa94",
    "compute/compute_warehouse_idle_gaps.sql": "d36e3b0da57a63621a215b2283c25db00f57a1650b29413e53797885019a7ccc",
    "compute/instance_events_idle_active.sql": "6a14c7aaeec845673816a9cd4b326d9dd1600daac312a12117ec64d8e5732e98",
    "compute/instance_pools_idle_capacity.sql": "b1185d2778a1e6f938cac1fda28904d7f24bbaeecac5455ea43c3d7152db30c6",
    "compute/node_timeline_utilization.sql": "34f125d60ae2e09165e9432623b746376a83502392775d49aead4074ff53199b",
    "compute/node_types_reference.sql": "90420433e44f92dd12341f8b7ca7375f7a96a4d7576b75ffce133fa8ebcbca5a",
    "compute/sql_warehouse_config_current.sql": "f350839bbba288b5eb6dc87efcf87787e5933ede9cfc24adac13ff7a319cd032",
    "compute/sql_warehouse_events_activity.sql": "f838bef2df87ef3aed124b5f7ccb664c94622573ecbb8132727c4dc1c88d0a14",
    "compute/task_cluster_utilization.sql": "10127bd97ef7be24f00ee75c8167941e178ea7f0585ca10a86111fac0419aac1",
    "cost/cost_account_prices_raw.sql": "be108acd5862ae2026c26bf46419a2218a07c099e4834ae21d1ff1fe4b2f9e30",
    "cost/cost_actual_vs_list_by_sku.sql": "ac2eb7a1752d9922a4c3a9b78688bc73e078edff2bcbe472cb6742908745ba3b",
    "cost/cost_by_billing_origin_product.sql": "71f80a14e0bdf2bce69f00b8d7d09cc020328853c2a7387458a0a9bfa40d43ef",
    "cost/cost_by_compute_resource.sql": "12d3dbb41d32d22dac400a9fef9ebf10a51d6121b7e8b6d4b48259f1388271ff",
    "cost/cost_by_job.sql": "809154b724c409415449c3ca49b774a0d66db12a724d7f9b4bfae5c085bae29f",
    "cost/cost_by_notebook.sql": "3c3c718a18fa8eaf038e2ebc07c1768801d19a37e72b34bba383e76880bf7b10",
    "cost/cost_by_serving_endpoint.sql": "6bd5472925e22d46762305471c614e5a231330898c9027d3c076db3e5d67d761",
    "cost/cost_chargeback_by_identity.sql": "4e3ab0ac4d56edd230a0cfdb632b379365f1463ede6094b6af8924a57aa85a8c",
    "cost/cost_chargeback_by_tag.sql": "7e6113550740983b51dd4f7226cb2fd21a99673a2b80c588a9cfe54a3f6ce907",
    "cost/cost_cloud_infra.sql": "48315567cab045e6eb0ea72f31bc341aac1c94c2784460ffe4cc112e61ed3e35",
    "cost/cost_dbsql_allocation_gap.sql": "7127805c9a17343afa382fdd3fd280b38a01f16051654c310548655581d24ce8",
    "cost/cost_default_storage_dsu.sql": "a098946e92f2d08a15c2998d14b8f2a4168a21d5dd047e0d557c363ac668e5d5",
    "cost/cost_dollarized_by_sku_day.sql": "6dd5abd9cac63b3ab35ae19569521707b2f71a39ab9c334927c9b31804c2b259",
    "cost/cost_genai_token_gpu.sql": "dae30cc626f1610ac3cfc9faef7c971d15b9021f0f88ca6df02e43d2c72016d4",
    "cost/cost_networking_egress.sql": "4230b4cfab11ef9a523a7aa90baca9aa831b5986334c06c64bcfe28153ccd455",
    "cost/cost_premium_serverless_photon.sql": "ccb04a63cc82cfb6c93a39e73c43642c82f97961cd3a3b3d8e1db46684ecf37d",
    "cost/cost_restatement_trust_metric.sql": "da615d46a19735227d0c8dc40199496bf5ec4c90eafc85c6c501ee5f9253d121",
    "cost/cost_serving_mode_by_endpoint.sql": "97fc8bb60f3d75ea6b48103111c05250c14e85a9b921827ac1bcf21dd6390717",
    "cost/cost_totals_by_sku_day.sql": "8985bb4f598fd3b058d3dc69eb52c39b12693d194ff294c323e8ec5ffdbd4c11",
    "cost/cost_usage_policy_coverage.sql": "0ee7f45cfc435e95cf89e8d2a4ef46b60627f5e370eaaca21ba40d7e8ccd15d3",
    "cost/cost_vector_search_spend.sql": "27203e11c1498f30079001f3b46b914e8e1745ab5cc49099af42a49150084a8d",
    "cost/cost_workspace_names.sql": "4941f956529e1b11c83af9f71ec36e287e5dceb975933e9b86a9e900217711f6",
    "cost/pricing_list_prices_raw.sql": "8c2724118ff2f21554d6509a06a656afb6c0a197b6390f6e84a1e21ea186ba09",
    "databricks_system_catalog_schema.txt": "5fe152475510f462b1c0621bc29d1b96041fa1001afdba2b592c9115613ef101",
    "governance_access/access_admin_role_change_events.sql": "cfa1d42bf80a81ab072a2dd89c0ab7a14e779ec8f48346b2343977df872456fe",
    "governance_access/access_classified_unmasked.sql": "f0d8f0e8a9aaec249222ff4e216d56d779eada822c480d69dd2cc6ac9a2d3186",
    "governance_access/access_column_lineage_sensitive_reach.sql": "503d18cdf71df316d48cbf0409851d2db9c0ada6be3bc85cc6d62f6ecd20b561",
    "governance_access/access_column_masks_inventory.sql": "22d51ceee98cf63d7f978e23e706043bc62da6be2cc2ca253c13c4a87b3da213",
    "governance_access/access_data_classification_inventory.sql": "4117c0ec732f02e5d0af925f567eb2261447fe24c0dfe2c1a6a5b9ebbf31ff5f",
    "governance_access/access_dead_table_candidates.sql": "50085c2b164d4bb095b791e79b6f7188df32bb37886b8360912445780e5ded77",
    "governance_access/access_delta_sharing_exposure.sql": "41360f53cc38f7b6cb5d8e35303c84e7f82a5310122a7bbff8ae41e03d45e36e",
    "governance_access/access_grants_inventory.sql": "0f7c48db2352e3881b1a62f73fc4ff3a1a97eaa5918f40ba9a162676b9f4bc20",
    "governance_access/access_grants_inventory_extended.sql": "329014a69c68beb94dc34f716f2398af1cfe64f216ebc202e6185338dcb96d39",
    "governance_access/access_login_concentration.sql": "5038a02f4a7f279c4fb90c0060923545abf63c145ba43376ec1b86c925fab4cc",
    "governance_access/access_network_inbound_denials.sql": "0548550b441e2fb79df0fb6d2d75ab1a7ce7a692c145d94a091eae8bba62d244",
    "governance_access/access_network_outbound_denials.sql": "41e6129e47a8198c5d603e485db231c3b76194d320ba4a58d905d2d2a52b309c",
    "governance_access/access_pii_outside_tables.sql": "6932c437031f0e76b4f7ec4bb6f8ff1ea36b1cccbfd55ac20d7032984c2fb554",
    "governance_access/access_pii_propagation_untagged.sql": "411b90cf6192c7509738085bf3ae1ae67c36dfa591de8b0fe4c4794e409fa6ff",
    "governance_access/access_row_filters_inventory.sql": "eee6a7243522b335d50ed3d7017c8627800f155a65f439874f7ffdd9ce20bbdb",
    "governance_access/access_runas_escalation.sql": "705b4b57788b4aed4d79a06f7e517364fdf93da1cb52d51b2f6077bc10143040",
    "governance_access/access_table_lineage_blast_radius.sql": "16aeacb9ab8ed38fa86806cb64d7d855b93b8d32b06823685b3f6dfd9bc64be4",
    "governance_access/access_tags_inventory.sql": "23e143debf80b2ca59e9a1285c63e55a4c8b310a2895d4a6cd6a2015f4cb9e75",
    "governance_access/access_vector_search_traffic.sql": "495f840abe7581ee7c2e90d79537e98d46c53c45d0d00150d79d856c1167ee02",
    "governance_access/access_views_inventory.sql": "f3efcb469e2ba7af45b676ed2e014be55529f77e38dfa0beb2bf992393e1f63d",
    "governance_access/access_volumes_inventory.sql": "7bcd988b04b07a4813cdebc4766f0994f190036fa2c0166021ecebc9790c89df",
    "jobs_pipelines/lakeflow_failed_jobs_wasted_dbus.sql": "840cc35a7ae5811f687673d6bdee7d975b76d8ff5d98ae19b33f1606a907acdb",
    "jobs_pipelines/lakeflow_failed_runs.sql": "00f9aa126b75820ec892fe01c6ce228045f39a423d005578199b5f3bad2127ac",
    "jobs_pipelines/lakeflow_health_rule_coverage.sql": "dc3b57bd740094842a35a3b3829b52de8820e92a250e94353147db21e8255f31",
    "jobs_pipelines/lakeflow_job_ownership_orphans.sql": "65c2c1aeb9b930894174a0116a5a9004afbf35ab0415a4dbe9da7110fc04ca9f",
    "jobs_pipelines/lakeflow_job_queue_time.sql": "22d129e23521ecd43494812a5cc774579db01a1a8aeee1d1ad5fbee92d5fbe3f",
    "jobs_pipelines/lakeflow_job_tasks_no_timeout.sql": "46ea58103f6dd581e90abbb27f896521795da22c0b92224cbb46d7f717188fcf",
    "jobs_pipelines/lakeflow_jobs_no_timeout.sql": "f97f77094b855527fdd8be5e5b6770137c02578067e0455bbdd26cabdfc13551",
    "jobs_pipelines/lakeflow_jobs_on_all_purpose.sql": "cc0466f81649869f04f2f043a36d99294025ad165f41f1229dbe1fcb584b27c7",
    "jobs_pipelines/lakeflow_long_running_runs.sql": "30d12cc4e1e32fe73c4b3dc806eb1208307679c23eb3076b89bca7f9b2706236",
    "jobs_pipelines/lakeflow_never_started_runs.sql": "fe3b7160e5f8a55a27a89ce4b3f3134c9e3d92d8dd5ed93fb7b7b96f0d4d12a0",
    "jobs_pipelines/lakeflow_phase_cold_start.sql": "bbe2f743e96ae38d806a5f24e5f0a1c688b1cc48f390dd9fef830d4f96aa95ef",
    "jobs_pipelines/lakeflow_pipeline_cost.sql": "51be4e250a25bbb92d4776ab210dbb7c4c0cede7614df1ed9d92ae2710224ab9",
    "jobs_pipelines/lakeflow_pipeline_idle_tail_duration.sql": "adc75232d0044d0fa6b0ff653860bddac156997df98f72859678279eba7aade4",
    "jobs_pipelines/lakeflow_pipeline_update_failures_retries.sql": "bd5fd5c8968888f1b9926386d5d8e31193a6c92543011449a2d6f71881d6a277",
    "jobs_pipelines/lakeflow_pipelines_inventory_tier.sql": "85d08a5376241d8ff052ef818f2fbdb3ca1d33281e28b414d2e997c509b0b172",
    "jobs_pipelines/lakeflow_retries_repairs.sql": "97fe831d4f1ef2a3495a7b647f055a974a386d9488c2f7ccd14d79595b9ded76",
    "jobs_pipelines/lakeflow_stale_zombie_jobs.sql": "fad89fafde4e7b1cad452dc88b12eb866155fd38b07fbed3e4e88c839e0a4925",
    "jobs_pipelines/lakeflow_succeeded_with_failed_tasks.sql": "bcd59a0ce97f0b7b0b6ff7bed57d9c3f32567ffa85d4e0e3f13dfc08d5678c5a",
    "jobs_pipelines/lakeflow_tasks_near_timeout.sql": "8bfea3b841e80efa48801acd367200c111afcae472defbc823e0856d6e2b250d",
    "jobs_pipelines/lakeflow_termination_taxonomy.sql": "d36070bc4ab0c4af3cb145c61950f9625bfd9384d165e61f511dfdd55514138e",
    "jobs_pipelines/lakeflow_termination_type_probe.sql": "6cbd97437ced81943896ae913680ae491c9de709ed86933a7e0ace3348686538",
    "jobs_pipelines/lakeflow_workload_mix_hours.sql": "3e5e86c78bf503f68029031746ef37b2ca3bd367a57f9652c5b29342ff5db34c",
    "lineage/sources.yml": "3803ae0f557ec4aebaf186c6cfe5b4c731b709a6b1245a114ec514af51f7cca0",
    "manifest.json": "8a3507f0bec029cf5e8e2b1a85b18422df37065a203658a5196ee22d575d0095",
    "performance/audit_self_cost.sql": "8fae82bd4879452f4df9bbc28f1da18387b4d465abae8244c6765aff57cea922",
    "performance/query_cache_coldstart.sql": "eba9c38805594caa402ce50cd81f3353dcfbda92ed0a576039a41049fa01181a",
    "performance/query_costly_statements.sql": "cdee3ea76b706c2ca1ff9b4f4d9743aac3845c255e2640515a28c8484b53d241",
    "performance/query_costly_statements_grouped.sql": "5f8bdaf30325030d2ab99d2bab04053bbd75e4c0dae803404b9102bb8b3415ec",
    "performance/query_failed_queries_daily.sql": "0b7f0b3d73fd50f89d69dc4cdecb3fb39da65f0ea7387439efba0b4953851e89",
    "performance/query_local_spillage.sql": "628e1a2e82e54b96a2586dfc6fcccc31b94c3f71c41e135a3b80e90bcc78eff4",
    "performance/query_per_query_estimate_lane.sql": "e2b55e889d213bbd61ef398f5633fa68ed2783aea0b755e7aea459bb4d9b0e2b",
    "performance/query_provenance_by_source.sql": "6674ed1d8eaad64adfe741ce3b285191684779ba598d272233dbcf45c7063a33",
    "performance/query_pruning_effectiveness.sql": "7913a78205c481631508eb8e474785b1333b6e8ca9507553e0e7604d80b5b07b",
    "performance/query_queuing_waits.sql": "fa23658fa85f992f58029143f1f3cae34136f067d279536171fd74a75bc6b9a4",
    "performance/query_shuffle_write_amplification.sql": "08b6c6e604249f568429c550f1affc7620e961f2e7999b0c05c4a2d39982c993",
    "performance/query_task_statement_breakdown.sql": "89baf15c1ccefffbfce10421d23c634a13c4cc86eb9ac0755638cea7958141b0",
    "performance/query_workload_mix_hours.sql": "ef511694faf01ce2dadb9a4af63befbab3c7fe9d02fabd744b54a3032296ef01",
    "serving_ai/compute_ai_gateway_usage.sql": "cabe92c2c0ee04f0d4e1a3ce6d1195c850e7720253644fa9f152448f8e02c722",
    "serving_ai/compute_serving_endpoint_cost_status.sql": "09b8bba2f7b498ce81168006d5af929b684826a7c88695a41e2db500f5b8156e",
    "serving_ai/compute_serving_endpoint_usage.sql": "c3707fda195cdb1e7bebfff08be79b2844d98f1e458a9dce09eec8b6ed0aeed1",
    "serving_ai/serving_endpoint_traffic_by_endpoint.sql": "8ed5d87980a35cac34bb9a28537a8915ef1789d5fc4e44b2f7021c79eebb7152",
    "storage/iceberg_uniform_metadata.sql": "1c0f260a0007b4559c38c55b0791a0802e62231f44dc73f6d1a56e65912caf84",
    "storage/po_clustering_activity.sql": "38fbad6ccd94039f7cc3e90103cb1fa324709fc421f626bd2e2c8c30c81df51d",
    "storage/po_clustering_column_churn.sql": "964a55ff9233bfae74c5f2e717370238d647198143feb4909376fa4e33f81782",
    "storage/po_data_skipping_backfill.sql": "fdabcc509d0eeb67a91a48db0d2e69abfbe51a3627fa78fa805e93a766bcfc35",
    "storage/po_maintenance_cost_by_table.sql": "32675ff4d6a82aec9dc68ce6e84e2f20ae75b62e99df73256e37f4a63737e859",
    "storage/po_vacuum_reclaimed_bytes.sql": "c4e5d80fae05b753a9e5be16e0b51e9129859f8e5e2277bc575d637be5843b86",
    "storage/storage_breakdown_analyze.sql": "6de26d09556e70e3b38c6935f6e8eef28290333907edafb15befc658b6906ef8",
    "storage/table_inventory_type.sql": "6de53ab41fdcc0acb36719fbf7c104e6952a9c9d90f54715d74d77e18e173f6d",
    "storage/table_props_time_travel_config.sql": "271506c7f3c4a4bed49eb99a2151b471acccf4892d8ea31bfec89d6eb8380759"
  },
  "synced_at": "2026-09-21T22:42:49Z",
  "url": "https://github.com/darshanmeel/crosshire-audit-databricks-admin.git"
}
